
Microsoft Visual Studio Solution File, Format Version 12.00
# Visual Studio Version 16
VisualStudioVersion = 16.0.30621.155
MinimumVisualStudioVersion = 10.0.40219.1
Project("{FAE04EC0-301F-11D3-BF4B-00C04F79EFBC}") = "JumpAndRun", "JumpAndRun\JumpAndRun.csproj", "{88DBBD9F-C9D1-488B-816C-6D249B343E1E}"
EndProject
Global
	GlobalSection(SolutionConfigurationPlatforms) = preSolution
		Debug|Any CPU = Debug|Any CPU
		Release|Any CPU = Release|Any CPU
	EndGlobalSection
	GlobalSection(ProjectConfigurationPlatforms) = postSolution
		{88DBBD9F-C9D1-488B-816C-6D249B343E1E}.Debug|Any CPU.ActiveCfg = Debug|Any CPU
		{88DBBD9F-C9D1-488B-816C-6D249B343E1E}.Debug|Any CPU.Build.0 = Debug|Any CPU
		{88DBBD9F-C9D1-488B-816C-6D249B343E1E}.Release|Any CPU.ActiveCfg = Release|Any CPU
		{88DBBD9F-C9D1-488B-816C-6D249B343E1E}.Release|Any CPU.Build.0 = Release|Any CPU
	EndGlobalSection
	GlobalSection(SolutionProperties) = preSolution
		HideSolutionNode = FALSE
	EndGlobalSection
	GlobalSection(ExtensibilityGlobals) = postSolution
		SolutionGuid = {6D42359A-298B-46EE-8720-A545C1A952F9}
	EndGlobalSection
EndGlobal
